// !$*UTF8*$!
{
	archiveVersion = 1;
	classes = {
	};
	objectVersion = 50;
	objects = {

/* Begin PBXBuildFile section */
		8BBE365524BFD2020026A655 /* AppDelegate.swift in Sources */ = {isa = PBXBuildFile; fileRef = 8BBE365424BFD2020026A655 /* AppDelegate.swift */; };
		8BBE365724BFD2020026A655 /* SceneDelegate.swift in Sources */ = {isa = PBXBuildFile; fileRef = 8BBE365624BFD2020026A655 /* SceneDelegate.swift */; };
		8BBE365924BFD2020026A655 /* MainViewController.swift in Sources */ = {isa = PBXBuildFile; fileRef = 8BBE365824BFD2020026A655 /* MainViewController.swift */; };
		8BBE365C24BFD2020026A655 /* Main.storyboard in Resources */ = {isa = PBXBuildFile; fileRef = 8BBE365A24BFD2020026A655 /* Main.storyboard */; };
		8BBE365E24BFD2080026A655 /* Assets.xcassets in Resources */ = {isa = PBXBuildFile; fileRef = 8BBE365D24BFD2080026A655 /* Assets.xcassets */; };
		8BBE366124BFD2080026A655 /* LaunchScreen.storyboard in Resources */ = {isa = PBXBuildFile; fileRef = 8BBE365F24BFD2080026A655 /* LaunchScreen.storyboard */; };
		8BBE366C24BFD2080026A655 /* tAppTests.swift in Sources */ = {isa = PBXBuildFile; fileRef = 8BBE366B24BFD2080026A655 /* tAppTests.swift */; };
		8BBE367824BFD30F0026A655 /* JsonData.swift in Sources */ = {isa = PBXBuildFile; fileRef = 8BBE367724BFD30F0026A655 /* JsonData.swift */; };
		8BBE367B24BFD34F0026A655 /* MainPresenter.swift in Sources */ = {isa = PBXBuildFile; fileRef = 8BBE367A24BFD34F0026A655 /* MainPresenter.swift */; };
		8BBE367E24C0B5A90026A655 /* NetworkService.swift in Sources */ = {isa = PBXBuildFile; fileRef = 8BBE367D24C0B5A90026A655 /* NetworkService.swift */; };
		8BBE368024C0CE900026A655 /* MainViewController.xib in Resources */ = {isa = PBXBuildFile; fileRef = 8BBE367F24C0CE8F0026A655 /* MainViewController.xib */; };
		8BBE368224C0D5270026A655 /* ModuleBuilder.swift in Sources */ = {isa = PBXBuildFile; fileRef = 8BBE368124C0D5270026A655 /* ModuleBuilder.swift */; };
		8BBE368724C331B10026A655 /* AlertController.swift in Sources */ = {isa = PBXBuildFile; fileRef = 8BBE368624C331B10026A655 /* AlertController.swift */; };
		8BBE368924C392F40026A655 /* TableViewController.swift in Sources */ = {isa = PBXBuildFile; fileRef = 8BBE368824C392F30026A655 /* TableViewController.swift */; };
		8BBE368B24C394B50026A655 /* PickerController.swift in Sources */ = {isa = PBXBuildFile; fileRef = 8BBE368A24C394B50026A655 /* PickerController.swift */; };
		8BBE369224C702D50026A655 /* MainPresenterTest.swift in Sources */ = {isa = PBXBuildFile; fileRef = 8BBE369124C702D50026A655 /* MainPresenterTest.swift */; };
		8BBE369624C72AD60026A655 /* testJson.json in Resources */ = {isa = PBXBuildFile; fileRef = 8BBE369524C72AD60026A655 /* testJson.json */; };
/* End PBXBuildFile section */

/* Begin PBXContainerItemProxy section */
		8BBE366824BFD2080026A655 /* PBXContainerItemProxy */ = {
			isa = PBXContainerItemProxy;
			containerPortal = 8BBE364924BFD2020026A655 /* Project object */;
			proxyType = 1;
			remoteGlobalIDString = 8BBE365024BFD2020026A655;
			remoteInfo = tApp;
		};
/* End PBXContainerItemProxy section */

/* Begin PBXFileReference section */
		8BBE365124BFD2020026A655 /* tApp.app */ = {isa = PBXFileReference; explicitFileType = wrapper.application; includeInIndex = 0; path = tApp.app; sourceTree = BUILT_PRODUCTS_DIR; };
		8BBE365424BFD2020026A655 /* AppDelegate.swift */ = {isa = PBXFileReference; lastKnownFileType = sourcecode.swift; path = AppDelegate.swift; sourceTree = "<group>"; };
		8BBE365624BFD2020026A655 /* SceneDelegate.swift */ = {isa = PBXFileReference; lastKnownFileType = sourcecode.swift; path = SceneDelegate.swift; sourceTree = "<group>"; };
		8BBE365824BFD2020026A655 /* MainViewController.swift */ = {isa = PBXFileReference; lastKnownFileType = sourcecode.swift; path = MainViewController.swift; sourceTree = "<group>"; };
		8BBE365B24BFD2020026A655 /* Base */ = {isa = PBXFileReference; lastKnownFileType = file.storyboard; name = Base; path = Base.lproj/Main.storyboard; sourceTree = "<group>"; };
		8BBE365D24BFD2080026A655 /* Assets.xcassets */ = {isa = PBXFileReference; lastKnownFileType = folder.assetcatalog; path = Assets.xcassets; sourceTree = "<group>"; };
		8BBE366024BFD2080026A655 /* Base */ = {isa = PBXFileReference; lastKnownFileType = file.storyboard; name = Base; path = Base.lproj/LaunchScreen.storyboard; sourceTree = "<group>"; };
		8BBE366224BFD2080026A655 /* Info.plist */ = {isa = PBXFileReference; lastKnownFileType = text.plist.xml; path = Info.plist; sourceTree = "<group>"; };
		8BBE366724BFD2080026A655 /* tAppTests.xctest */ = {isa = PBXFileReference; explicitFileType = wrapper.cfbundle; includeInIndex = 0; path = tAppTests.xctest; sourceTree = BUILT_PRODUCTS_DIR; };
		8BBE366B24BFD2080026A655 /* tAppTests.swift */ = {isa = PBXFileReference; lastKnownFileType = sourcecode.swift; path = tAppTests.swift; sourceTree = "<group>"; };
		8BBE366D24BFD2080026A655 /* Info.plist */ = {isa = PBXFileReference; lastKnownFileType = text.plist.xml; path = Info.plist; sourceTree = "<group>"; };
		8BBE367724BFD30F0026A655 /* JsonData.swift */ = {isa = PBXFileReference; lastKnownFileType = sourcecode.swift; path = JsonData.swift; sourceTree = "<group>"; };
		8BBE367A24BFD34F0026A655 /* MainPresenter.swift */ = {isa = PBXFileReference; lastKnownFileType = sourcecode.swift; path = MainPresenter.swift; sourceTree = "<group>"; };
		8BBE367D24C0B5A90026A655 /* NetworkService.swift */ = {isa = PBXFileReference; lastKnownFileType = sourcecode.swift; path = NetworkService.swift; sourceTree = "<group>"; };
		8BBE367F24C0CE8F0026A655 /* MainViewController.xib */ = {isa = PBXFileReference; lastKnownFileType = file.xib; path = MainViewController.xib; sourceTree = "<group>"; };
		8BBE368124C0D5270026A655 /* ModuleBuilder.swift */ = {isa = PBXFileReference; lastKnownFileType = sourcecode.swift; path = ModuleBuilder.swift; sourceTree = "<group>"; };
		8BBE368624C331B10026A655 /* AlertController.swift */ = {isa = PBXFileReference; lastKnownFileType = sourcecode.swift; path = AlertController.swift; sourceTree = "<group>"; };
		8BBE368824C392F30026A655 /* TableViewController.swift */ = {isa = PBXFileReference; lastKnownFileType = sourcecode.swift; path = TableViewController.swift; sourceTree = "<group>"; };
		8BBE368A24C394B50026A655 /* PickerController.swift */ = {isa = PBXFileReference; lastKnownFileType = sourcecode.swift; path = PickerController.swift; sourceTree = "<group>"; };
		8BBE369124C702D50026A655 /* MainPresenterTest.swift */ = {isa = PBXFileReference; lastKnownFileType = sourcecode.swift; path = MainPresenterTest.swift; sourceTree = "<group>"; };
		8BBE369524C72AD60026A655 /* testJson.json */ = {isa = PBXFileReference; lastKnownFileType = text.json; path = testJson.json; sourceTree = "<group>"; };
/* End PBXFileReference section */

/* Begin PBXFrameworksBuildPhase section */
		8BBE364E24BFD2020026A655 /* Frameworks */ = {
			isa = PBXFrameworksBuildPhase;
			buildActionMask = 2147483647;
			files = (
			);
			runOnlyForDeploymentPostprocessing = 0;
		};
		8BBE366424BFD2080026A655 /* Frameworks */ = {
			isa = PBXFrameworksBuildPhase;
			buildActionMask = 2147483647;
			files = (
			);
			runOnlyForDeploymentPostprocessing = 0;
		};
/* End PBXFrameworksBuildPhase section */

/* Begin PBXGroup section */
		8BBE364824BFD2020026A655 = {
			isa = PBXGroup;
			children = (
				8BBE365324BFD2020026A655 /* tApp */,
				8BBE366A24BFD2080026A655 /* tAppTests */,
				8BBE365224BFD2020026A655 /* Products */,
			);
			sourceTree = "<group>";
		};
		8BBE365224BFD2020026A655 /* Products */ = {
			isa = PBXGroup;
			children = (
				8BBE365124BFD2020026A655 /* tApp.app */,
				8BBE366724BFD2080026A655 /* tAppTests.xctest */,
			);
			name = Products;
			sourceTree = "<group>";
		};
		8BBE365324BFD2020026A655 /* tApp */ = {
			isa = PBXGroup;
			children = (
				8BBE368124C0D5270026A655 /* ModuleBuilder.swift */,
				8BBE367C24C0A4B60026A655 /* Presenter */,
				8BBE367924BFD3280026A655 /* Model */,
				8BBE367624BFD2D60026A655 /* View */,
				8BBE368324C0EF7D0026A655 /* NetworkLayer */,
				8BBE365A24BFD2020026A655 /* Main.storyboard */,
				8BBE365624BFD2020026A655 /* SceneDelegate.swift */,
				8BBE365424BFD2020026A655 /* AppDelegate.swift */,
				8BBE365D24BFD2080026A655 /* Assets.xcassets */,
				8BBE365F24BFD2080026A655 /* LaunchScreen.storyboard */,
				8BBE366224BFD2080026A655 /* Info.plist */,
			);
			path = tApp;
			sourceTree = "<group>";
		};
		8BBE366A24BFD2080026A655 /* tAppTests */ = {
			isa = PBXGroup;
			children = (
				8BBE369024C7028A0026A655 /* TestMainModel */,
				8BBE366B24BFD2080026A655 /* tAppTests.swift */,
				8BBE366D24BFD2080026A655 /* Info.plist */,
			);
			path = tAppTests;
			sourceTree = "<group>";
		};
		8BBE367624BFD2D60026A655 /* View */ = {
			isa = PBXGroup;
			children = (
				8BBE365824BFD2020026A655 /* MainViewController.swift */,
				8BBE368624C331B10026A655 /* AlertController.swift */,
				8BBE368824C392F30026A655 /* TableViewController.swift */,
				8BBE368A24C394B50026A655 /* PickerController.swift */,
				8BBE367F24C0CE8F0026A655 /* MainViewController.xib */,
			);
			path = View;
			sourceTree = "<group>";
		};
		8BBE367924BFD3280026A655 /* Model */ = {
			isa = PBXGroup;
			children = (
				8BBE367724BFD30F0026A655 /* JsonData.swift */,
			);
			path = Model;
			sourceTree = "<group>";
		};
		8BBE367C24C0A4B60026A655 /* Presenter */ = {
			isa = PBXGroup;
			children = (
				8BBE367A24BFD34F0026A655 /* MainPresenter.swift */,
			);
			path = Presenter;
			sourceTree = "<group>";
		};
		8BBE368324C0EF7D0026A655 /* NetworkLayer */ = {
			isa = PBXGroup;
			children = (
				8BBE367D24C0B5A90026A655 /* NetworkService.swift */,
			);
			path = NetworkLayer;
			sourceTree = "<group>";
		};
		8BBE369024C7028A0026A655 /* TestMainModel */ = {
			isa = PBXGroup;
			children = (
				8BBE369124C702D50026A655 /* MainPresenterTest.swift */,
				8BBE369524C72AD60026A655 /* testJson.json */,
			);
			path = TestMainModel;
			sourceTree = "<group>";
		};
/* End PBXGroup section */

/* Begin PBXNativeTarget section */
		8BBE365024BFD2020026A655 /* tApp */ = {
			isa = PBXNativeTarget;
			buildConfigurationList = 8BBE367024BFD2080026A655 /* Build configuration list for PBXNativeTarget "tApp" */;
			buildPhases = (
				8BBE364D24BFD2020026A655 /* Sources */,
				8BBE364E24BFD2020026A655 /* Frameworks */,
				8BBE364F24BFD2020026A655 /* Resources */,
			);
			buildRules = (
			);
			dependencies = (
			);
			name = tApp;
			productName = tApp;
			productReference = 8BBE365124BFD2020026A655 /* tApp.app */;
			productType = "com.apple.product-type.application";
		};
		8BBE366624BFD2080026A655 /* tAppTests */ = {
			isa = PBXNativeTarget;
			buildConfigurationList = 8BBE367324BFD2080026A655 /* Build configuration list for PBXNativeTarget "tAppTests" */;
			buildPhases = (
				8BBE366324BFD2080026A655 /* Sources */,
				8BBE366424BFD2080026A655 /* Frameworks */,
				8BBE366524BFD2080026A655 /* Resources */,
			);
			buildRules = (
			);
			dependencies = (
				8BBE366924BFD2080026A655 /* PBXTargetDependency */,
			);
			name = tAppTests;
			productName = tAppTests;
			productReference = 8BBE366724BFD2080026A655 /* tAppTests.xctest */;
			productType = "com.apple.product-type.bundle.unit-test";
		};
/* End PBXNativeTarget section */

/* Begin PBXProject section */
		8BBE364924BFD2020026A655 /* Project object */ = {
			isa = PBXProject;
			attributes = {
				LastSwiftUpdateCheck = 1140;
				LastUpgradeCheck = 1140;
				ORGANIZATIONNAME = "macOS developer";
				TargetAttributes = {
					8BBE365024BFD2020026A655 = {
						CreatedOnToolsVersion = 11.4.1;
					};
					8BBE366624BFD2080026A655 = {
						CreatedOnToolsVersion = 11.4.1;
						TestTargetID = 8BBE365024BFD2020026A655;
					};
				};
			};
			buildConfigurationList = 8BBE364C24BFD2020026A655 /* Build configuration list for PBXProject "tApp" */;
			compatibilityVersion = "Xcode 9.3";
			developmentRegion = en;
			hasScannedForEncodings = 0;
			knownRegions = (
				en,
				Base,
			);
			mainGroup = 8BBE364824BFD2020026A655;
			productRefGroup = 8BBE365224BFD2020026A655 /* Products */;
			projectDirPath = "";
			projectRoot = "";
			targets = (
				8BBE365024BFD2020026A655 /* tApp */,
				8BBE366624BFD2080026A655 /* tAppTests */,
			);
		};
/* End PBXProject section */

/* Begin PBXResourcesBuildPhase section */
		8BBE364F24BFD2020026A655 /* Resources */ = {
			isa = PBXResourcesBuildPhase;
			buildActionMask = 2147483647;
			files = (
				8BBE366124BFD2080026A655 /* LaunchScreen.storyboard in Resources */,
				8BBE365E24BFD2080026A655 /* Assets.xcassets in Resources */,
				8BBE365C24BFD2020026A655 /* Main.storyboard in Resources */,
				8BBE368024C0CE900026A655 /* MainViewController.xib in Resources */,
			);
			runOnlyForDeploymentPostprocessing = 0;
		};
		8BBE366524BFD2080026A655 /* Resources */ = {
			isa = PBXResourcesBuildPhase;
			buildActionMask = 2147483647;
			files = (
				8BBE369624C72AD60026A655 /* testJson.json in Resources */,
			);
			runOnlyForDeploymentPostprocessing = 0;
		};
/* End PBXResourcesBuildPhase section */

/* Begin PBXSourcesBuildPhase section */
		8BBE364D24BFD2020026A655 /* Sources */ = {
			isa = PBXSourcesBuildPhase;
			buildActionMask = 2147483647;
			files = (
				8BBE367B24BFD34F0026A655 /* MainPresenter.swift in Sources */,
				8BBE365924BFD2020026A655 /* MainViewController.swift in Sources */,
				8BBE365524BFD2020026A655 /* AppDelegate.swift in Sources */,
				8BBE367824BFD30F0026A655 /* JsonData.swift in Sources */,
				8BBE368224C0D5270026A655 /* ModuleBuilder.swift in Sources */,
				8BBE368B24C394B50026A655 /* PickerController.swift in Sources */,
				8BBE367E24C0B5A90026A655 /* NetworkService.swift in Sources */,
				8BBE365724BFD2020026A655 /* SceneDelegate.swift in Sources */,
				8BBE368924C392F40026A655 /* TableViewController.swift in Sources */,
				8BBE368724C331B10026A655 /* AlertController.swift in Sources */,
			);
			runOnlyForDeploymentPostprocessing = 0;
		};
		8BBE366324BFD2080026A655 /* Sources */ = {
			isa = PBXSourcesBuildPhase;
			buildActionMask = 2147483647;
			files = (
				8BBE366C24BFD2080026A655 /* tAppTests.swift in Sources */,
				8BBE369224C702D50026A655 /* MainPresenterTest.swift in Sources */,
			);
			runOnlyForDeploymentPostprocessing = 0;
		};
/* End PBXSourcesBuildPhase section */

/* Begin PBXTargetDependency section */
		8BBE366924BFD2080026A655 /* PBXTargetDependency */ = {
			isa = PBXTargetDependency;
			target = 8BBE365024BFD2020026A655 /* tApp */;
			targetProxy = 8BBE366824BFD2080026A655 /* PBXContainerItemProxy */;
		};
/* End PBXTargetDependency section */

/* Begin PBXVariantGroup section */
		8BBE365A24BFD2020026A655 /* Main.storyboard */ = {
			isa = PBXVariantGroup;
			children = (
				8BBE365B24BFD2020026A655 /* Base */,
			);
			name = Main.storyboard;
			sourceTree = "<group>";
		};
		8BBE365F24BFD2080026A655 /* LaunchScreen.storyboard */ = {
			isa = PBXVariantGroup;
			children = (
				8BBE366024BFD2080026A655 /* Base */,
			);
			name = LaunchScreen.storyboard;
			sourceTree = "<group>";
		};
/* End PBXVariantGroup section */

/* Begin XCBuildConfiguration section */
		8BBE366E24BFD2080026A655 /* Debug */ = {
			isa = XCBuildConfiguration;
			buildSettings = {
				ALWAYS_SEARCH_USER_PATHS = NO;
				CLANG_ANALYZER_NONNULL = YES;
				CLANG_ANALYZER_NUMBER_OBJECT_CONVERSION = YES_AGGRESSIVE;
				CLANG_CXX_LANGUAGE_STANDARD = "gnu++14";
				CLANG_CXX_LIBRARY = "libc++";
				CLANG_ENABLE_MODULES = YES;
				CLANG_ENABLE_OBJC_ARC = YES;
				CLANG_ENABLE_OBJC_WEAK = YES;
				CLANG_WARN_BLOCK_CAPTURE_AUTORELEASING = YES;
				CLANG_WARN_BOOL_CONVERSION = YES;
				CLANG_WARN_COMMA = YES;
				CLANG_WARN_CONSTANT_CONVERSION = YES;
				CLANG_WARN_DEPRECATED_OBJC_IMPLEMENTATIONS = YES;
				CLANG_WARN_DIRECT_OBJC_ISA_USAGE = YES_ERROR;
				CLANG_WARN_DOCUMENTATION_COMMENTS = YES;
				CLANG_WARN_EMPTY_BODY = YES;
				CLANG_WARN_ENUM_CONVERSION = YES;
				CLANG_WARN_INFINITE_RECURSION = YES;
				CLANG_WARN_INT_CONVERSION = YES;
				CLANG_WARN_NON_LITERAL_NULL_CONVERSION = YES;
				CLANG_WARN_OBJC_IMPLICIT_RETAIN_SELF = YES;
				CLANG_WARN_OBJC_LITERAL_CONVERSION = YES;
				CLANG_WARN_OBJC_ROOT_CLASS = YES_ERROR;
				CLANG_WARN_RANGE_LOOP_ANALYSIS = YES;
				CLANG_WARN_STRICT_PROTOTYPES = YES;
				CLANG_WARN_SUSPICIOUS_MOVE = YES;
				CLANG_WARN_UNGUARDED_AVAILABILITY = YES_AGGRESSIVE;
				CLANG_WARN_UNREACHABLE_CODE = YES;
				CLANG_WARN__DUPLICATE_METHOD_MATCH = YES;
				COPY_PHASE_STRIP = NO;
				DEBUG_INFORMATION_FORMAT = dwarf;
				ENABLE_STRICT_OBJC_MSGSEND = YES;
				ENABLE_TESTABILITY = YES;
				GCC_C_LANGUAGE_STANDARD = gnu11;
				GCC_DYNAMIC_NO_PIC = NO;
				GCC_NO_COMMON_BLOCKS = YES;
				GCC_OPTIMIZATION_LEVEL = 0;
				GCC_PREPROCESSOR_DEFINITIONS = (
					"DEBUG=1",
					"$(inherited)",
				);
				GCC_WARN_64_TO_32_BIT_CONVERSION = YES;
				GCC_WARN_ABOUT_RETURN_TYPE = YES_ERROR;
				GCC_WARN_UNDECLARED_SELECTOR = YES;
				GCC_WARN_UNINITIALIZED_AUTOS = YES_AGGRESSIVE;
				GCC_WARN_UNUSED_FUNCTION = YES;
				GCC_WARN_UNUSED_VARIABLE = YES;
				IPHONEOS_DEPLOYMENT_TARGET = 13.4;
				MTL_ENABLE_DEBUG_INFO = INCLUDE_SOURCE;
				MTL_FAST_MATH = YES;
				ONLY_ACTIVE_ARCH = YES;
				SDKROOT = iphoneos;
				SWIFT_ACTIVE_COMPILATION_CONDITIONS = DEBUG;
				SWIFT_OPTIMIZATION_LEVEL = "-Onone";
			};
			name = Debug;
		};
		8BBE366F24BFD2080026A655 /* Release */ = {
			isa = XCBuildConfiguration;
			buildSettings = {
				ALWAYS_SEARCH_USER_PATHS = NO;
				CLANG_ANALYZER_NONNULL = YES;
				CLANG_ANALYZER_NUMBER_OBJECT_CONVERSION = YES_AGGRESSIVE;
				CLANG_CXX_LANGUAGE_STANDARD = "gnu++14";
				CLANG_CXX_LIBRARY = "libc++";
				CLANG_ENABLE_MODULES = YES;
				CLANG_ENABLE_OBJC_ARC = YES;
				CLANG_ENABLE_OBJC_WEAK = YES;
				CLANG_WARN_BLOCK_CAPTURE_AUTORELEASING = YES;
				CLANG_WARN_BOOL_CONVERSION = YES;
				CLANG_WARN_COMMA = YES;
				CLANG_WARN_CONSTANT_CONVERSION = YES;
				CLANG_WARN_DEPRECATED_OBJC_IMPLEMENTATIONS = YES;
				CLANG_WARN_DIRECT_OBJC_ISA_USAGE = YES_ERROR;
				CLANG_WARN_DOCUMENTATION_COMMENTS = YES;
				CLANG_WARN_EMPTY_BODY = YES;
				CLANG_WARN_ENUM_CONVERSION = YES;
				CLANG_WARN_INFINITE_RECURSION = YES;
				CLANG_WARN_INT_CONVERSION = YES;
				CLANG_WARN_NON_LITERAL_NULL_CONVERSION = YES;
				CLANG_WARN_OBJC_IMPLICIT_RETAIN_SELF = YES;
				CLANG_WARN_OBJC_LITERAL_CONVERSION = YES;
				CLANG_WARN_OBJC_ROOT_CLASS = YES_ERROR;
				CLANG_WARN_RANGE_LOOP_ANALYSIS = YES;
				CLANG_WARN_STRICT_PROTOTYPES = YES;
				CLANG_WARN_SUSPICIOUS_MOVE = YES;
				CLANG_WARN_UNGUARDED_AVAILABILITY = YES_AGGRESSIVE;
				CLANG_WARN_UNREACHABLE_CODE = YES;
				CLANG_WARN__DUPLICATE_METHOD_MATCH = YES;
				COPY_PHASE_STRIP = NO;
				DEBUG_INFORMATION_FORMAT = "dwarf-with-dsym";
				ENABLE_NS_ASSERTIONS = NO;
				ENABLE_STRICT_OBJC_MSGSEND = YES;
				GCC_C_LANGUAGE_STANDARD = gnu11;
				GCC_NO_COMMON_BLOCKS = YES;
				GCC_WARN_64_TO_32_BIT_CONVERSION = YES;
				GCC_WARN_ABOUT_RETURN_TYPE = YES_ERROR;
				GCC_WARN_UNDECLARED_SELECTOR = YES;
				GCC_WARN_UNINITIALIZED_AUTOS = YES_AGGRESSIVE;
				GCC_WARN_UNUSED_FUNCTION = YES;
				GCC_WARN_UNUSED_VARIABLE = YES;
				IPHONEOS_DEPLOYMENT_TARGET = 13.4;
				MTL_ENABLE_DEBUG_INFO = NO;
				MTL_FAST_MATH = YES;
				SDKROOT = iphoneos;
				SWIFT_COMPILATION_MODE = wholemodule;
				SWIFT_OPTIMIZATION_LEVEL = "-O";
				VALIDATE_PRODUCT = YES;
			};
			name = Release;
		};
		8BBE367124BFD2080026A655 /* Debug */ = {
			isa = XCBuildConfiguration;
			buildSettings = {
				ASSETCATALOG_COMPILER_APPICON_NAME = AppIcon;
				CODE_SIGN_STYLE = Automatic;
				DEVELOPMENT_TEAM = 8BWQDHPFL8;
				INFOPLIST_FILE = tApp/Info.plist;
				LD_RUNPATH_SEARCH_PATHS = (
					"$(inherited)",
					"@executable_path/Frameworks",
				);
				PRODUCT_BUNDLE_IDENTIFIER = comdfgdfgdfgdfg.ttApp;
				PRODUCT_NAME = "$(TARGET_NAME)";
				SWIFT_VERSION = 5.0;
				TARGETED_DEVICE_FAMILY = "1,2";
			};
			name = Debug;
		};
		8BBE367224BFD2080026A655 /* Release */ = {
			isa = XCBuildConfiguration;
			buildSettings = {
				ASSETCATALOG_COMPILER_APPICON_NAME = AppIcon;
				CODE_SIGN_STYLE = Automatic;
				DEVELOPMENT_TEAM = 8BWQDHPFL8;
				INFOPLIST_FILE = tApp/Info.plist;
				LD_RUNPATH_SEARCH_PATHS = (
					"$(inherited)",
					"@executable_path/Frameworks",
				);
				PRODUCT_BUNDLE_IDENTIFIER = comdfgdfgdfgdfg.ttApp;
				PRODUCT_NAME = "$(TARGET_NAME)";
				SWIFT_VERSION = 5.0;
				TARGETED_DEVICE_FAMILY = "1,2";
			};
			name = Release;
		};
		8BBE367424BFD2080026A655 /* Debug */ = {
			isa = XCBuildConfiguration;
			buildSettings = {
				ALWAYS_EMBED_SWIFT_STANDARD_LIBRARIES = YES;
				BUNDLE_LOADER = "$(TEST_HOST)";
				CODE_SIGN_STYLE = Automatic;
				DEVELOPMENT_TEAM = 8BWQDHPFL8;
				INFOPLIST_FILE = tAppTests/Info.plist;
				IPHONEOS_DEPLOYMENT_TARGET = 13.4;
				LD_RUNPATH_SEARCH_PATHS = (
					"$(inherited)",
					"@executable_path/Frameworks",
					"@loader_path/Frameworks",
				);
				PRODUCT_BUNDLE_IDENTIFIER = com.tAppTests;
				PRODUCT_NAME = "$(TARGET_NAME)";
				SWIFT_VERSION = 5.0;
				TARGETED_DEVICE_FAMILY = "1,2";
				TEST_HOST = "$(BUILT_PRODUCTS_DIR)/tApp.app/tApp";
			};
			name = Debug;
		};
		8BBE367524BFD2080026A655 /* Release */ = {
			isa = XCBuildConfiguration;
			buildSettings = {
				ALWAYS_EMBED_SWIFT_STANDARD_LIBRARIES = YES;
				BUNDLE_LOADER = "$(TEST_HOST)";
				CODE_SIGN_STYLE = Automatic;
				DEVELOPMENT_TEAM = 8BWQDHPFL8;
				INFOPLIST_FILE = tAppTests/Info.plist;
				IPHONEOS_DEPLOYMENT_TARGET = 13.4;
				LD_RUNPATH_SEARCH_PATHS = (
					"$(inherited)",
					"@executable_path/Frameworks",
					"@loader_path/Frameworks",
				);
				PRODUCT_BUNDLE_IDENTIFIER = com.tAppTests;
				PRODUCT_NAME = "$(TARGET_NAME)";
				SWIFT_VERSION = 5.0;
				TARGETED_DEVICE_FAMILY = "1,2";
				TEST_HOST = "$(BUILT_PRODUCTS_DIR)/tApp.app/tApp";
			};
			name = Release;
		};
/* End XCBuildConfiguration section */

/* Begin XCConfigurationList section */
		8BBE364C24BFD2020026A655 /* Build configuration list for PBXProject "tApp" */ = {
			isa = XCConfigurationList;
			buildConfigurations = (
				8BBE366E24BFD2080026A655 /* Debug */,
				8BBE366F24BFD2080026A655 /* Release */,
			);
			defaultConfigurationIsVisible = 0;
			defaultConfigurationName = Release;
		};
		8BBE367024BFD2080026A655 /* Build configuration list for PBXNativeTarget "tApp" */ = {
			isa = XCConfigurationList;
			buildConfigurations = (
				8BBE367124BFD2080026A655 /* Debug */,
				8BBE367224BFD2080026A655 /* Release */,
			);
			defaultConfigurationIsVisible = 0;
			defaultConfigurationName = Release;
		};
		8BBE367324BFD2080026A655 /* Build configuration list for PBXNativeTarget "tAppTests" */ = {
			isa = XCConfigurationList;
			buildConfigurations = (
				8BBE367424BFD2080026A655 /* Debug */,
				8BBE367524BFD2080026A655 /* Release */,
			);
			defaultConfigurationIsVisible = 0;
			defaultConfigurationName = Release;
		};
/* End XCConfigurationList section */
	};
	rootObject = 8BBE364924BFD2020026A655 /* Project object */;
}
